// !$*UTF8*$!
{
	archiveVersion = 1;
	classes = {
	};
	objectVersion = 56;
	objects = {

/* Begin PBXBuildFile section */
		36ABB0EE29E95A00005930AA /* AppDelegate.swift in Sources */ = {isa = PBXBuildFile; fileRef = 36ABB0ED29E95A00005930AA /* AppDelegate.swift */; };
		36ABB0F029E95A00005930AA /* SceneDelegate.swift in Sources */ = {isa = PBXBuildFile; fileRef = 36ABB0EF29E95A00005930AA /* SceneDelegate.swift */; };
		36ABB0F229E95A00005930AA /* ViewController.swift in Sources */ = {isa = PBXBuildFile; fileRef = 36ABB0F129E95A00005930AA /* ViewController.swift */; };
		36ABB0F529E95A00005930AA /* Main.storyboard in Resources */ = {isa = PBXBuildFile; fileRef = 36ABB0F329E95A00005930AA /* Main.storyboard */; };
		36ABB0F729E95A05005930AA /* Assets.xcassets in Resources */ = {isa = PBXBuildFile; fileRef = 36ABB0F629E95A05005930AA /* Assets.xcassets */; };
		36ABB0FA29E95A05005930AA /* LaunchScreen.storyboard in Resources */ = {isa = PBXBuildFile; fileRef = 36ABB0F829E95A05005930AA /* LaunchScreen.storyboard */; };
		36ABB10229E95AC3005930AA /* Verb.swift in Sources */ = {isa = PBXBuildFile; fileRef = 36ABB10129E95AC3005930AA /* Verb.swift */; };
		36ABB10929E95C5D005930AA /* Localizable.strings in Resources */ = {isa = PBXBuildFile; fileRef = 36ABB10B29E95C5D005930AA /* Localizable.strings */; };
		36ABB10E29E95E6D005930AA /* IrregularVerbs.swift in Sources */ = {isa = PBXBuildFile; fileRef = 36ABB10D29E95E6D005930AA /* IrregularVerbs.swift */; };
		36ABB11229E96965005930AA /* VerbTableViewCell.swift in Sources */ = {isa = PBXBuildFile; fileRef = 36ABB11129E96965005930AA /* VerbTableViewCell.swift */; };
		36D367F129E9753F009E666D /* VerbTableViewCell.xib in Resources */ = {isa = PBXBuildFile; fileRef = 36D367F029E9753F009E666D /* VerbTableViewCell.xib */; };
/* End PBXBuildFile section */

/* Begin PBXFileReference section */
		36ABB0EA29E95A00005930AA /* IrregularVerbs.app */ = {isa = PBXFileReference; explicitFileType = wrapper.application; includeInIndex = 0; path = IrregularVerbs.app; sourceTree = BUILT_PRODUCTS_DIR; };
		36ABB0ED29E95A00005930AA /* AppDelegate.swift */ = {isa = PBXFileReference; lastKnownFileType = sourcecode.swift; path = AppDelegate.swift; sourceTree = "<group>"; };
		36ABB0EF29E95A00005930AA /* SceneDelegate.swift */ = {isa = PBXFileReference; lastKnownFileType = sourcecode.swift; path = SceneDelegate.swift; sourceTree = "<group>"; };
		36ABB0F129E95A00005930AA /* ViewController.swift */ = {isa = PBXFileReference; lastKnownFileType = sourcecode.swift; path = ViewController.swift; sourceTree = "<group>"; };
		36ABB0F429E95A00005930AA /* Base */ = {isa = PBXFileReference; lastKnownFileType = file.storyboard; name = Base; path = Base.lproj/Main.storyboard; sourceTree = "<group>"; };
		36ABB0F629E95A05005930AA /* Assets.xcassets */ = {isa = PBXFileReference; lastKnownFileType = folder.assetcatalog; path = Assets.xcassets; sourceTree = "<group>"; };
		36ABB0F929E95A05005930AA /* Base */ = {isa = PBXFileReference; lastKnownFileType = file.storyboard; name = Base; path = Base.lproj/LaunchScreen.storyboard; sourceTree = "<group>"; };
		36ABB0FB29E95A05005930AA /* Info.plist */ = {isa = PBXFileReference; lastKnownFileType = text.plist.xml; path = Info.plist; sourceTree = "<group>"; };
		36ABB10129E95AC3005930AA /* Verb.swift */ = {isa = PBXFileReference; lastKnownFileType = sourcecode.swift; path = Verb.swift; sourceTree = "<group>"; };
		36ABB10A29E95C5D005930AA /* en */ = {isa = PBXFileReference; lastKnownFileType = text.plist.strings; name = en; path = en.lproj/Localizable.strings; sourceTree = "<group>"; };
		36ABB10C29E95CB0005930AA /* ru */ = {isa = PBXFileReference; lastKnownFileType = text.plist.strings; name = ru; path = ru.lproj/Localizable.strings; sourceTree = "<group>"; };
		36ABB10D29E95E6D005930AA /* IrregularVerbs.swift */ = {isa = PBXFileReference; lastKnownFileType = sourcecode.swift; path = IrregularVerbs.swift; sourceTree = "<group>"; };
		36ABB11129E96965005930AA /* VerbTableViewCell.swift */ = {isa = PBXFileReference; lastKnownFileType = sourcecode.swift; path = VerbTableViewCell.swift; sourceTree = "<group>"; };
		36D367F029E9753F009E666D /* VerbTableViewCell.xib */ = {isa = PBXFileReference; lastKnownFileType = file.xib; path = VerbTableViewCell.xib; sourceTree = "<group>"; };
/* End PBXFileReference section */

/* Begin PBXFrameworksBuildPhase section */
		36ABB0E729E95A00005930AA /* Frameworks */ = {
			isa = PBXFrameworksBuildPhase;
			buildActionMask = 2147483647;
			files = (
			);
			runOnlyForDeploymentPostprocessing = 0;
		};
/* End PBXFrameworksBuildPhase section */

/* Begin PBXGroup section */
		36ABB0E129E959FF005930AA = {
			isa = PBXGroup;
			children = (
				36ABB0EC29E95A00005930AA /* IrregularVerbs */,
				36ABB0EB29E95A00005930AA /* Products */,
			);
			sourceTree = "<group>";
		};
		36ABB0EB29E95A00005930AA /* Products */ = {
			isa = PBXGroup;
			children = (
				36ABB0EA29E95A00005930AA /* IrregularVerbs.app */,
			);
			name = Products;
			sourceTree = "<group>";
		};
		36ABB0EC29E95A00005930AA /* IrregularVerbs */ = {
			isa = PBXGroup;
			children = (
				36ABB0ED29E95A00005930AA /* AppDelegate.swift */,
				36ABB0EF29E95A00005930AA /* SceneDelegate.swift */,
				36ABB11329E96DD6005930AA /* Model */,
				36D367EF29E9742B009E666D /* View */,
				36D367F229E9765E009E666D /* Controller */,
				36ABB10B29E95C5D005930AA /* Localizable.strings */,
				36ABB0F629E95A05005930AA /* Assets.xcassets */,
				36ABB0F829E95A05005930AA /* LaunchScreen.storyboard */,
				36ABB0FB29E95A05005930AA /* Info.plist */,
			);
			path = IrregularVerbs;
			sourceTree = "<group>";
		};
		36ABB11329E96DD6005930AA /* Model */ = {
			isa = PBXGroup;
			children = (
				36ABB10129E95AC3005930AA /* Verb.swift */,
				36ABB10D29E95E6D005930AA /* IrregularVerbs.swift */,
			);
			path = Model;
			sourceTree = "<group>";
		};
		36D367EF29E9742B009E666D /* View */ = {
			isa = PBXGroup;
			children = (
				36ABB0F329E95A00005930AA /* Main.storyboard */,
				36D367F029E9753F009E666D /* VerbTableViewCell.xib */,
				36ABB11129E96965005930AA /* VerbTableViewCell.swift */,
			);
			path = View;
			sourceTree = "<group>";
		};
		36D367F229E9765E009E666D /* Controller */ = {
			isa = PBXGroup;
			children = (
				36ABB0F129E95A00005930AA /* ViewController.swift */,
			);
			path = Controller;
			sourceTree = "<group>";
		};
/* End PBXGroup section */

/* Begin PBXNativeTarget section */
		36ABB0E929E95A00005930AA /* IrregularVerbs */ = {
			isa = PBXNativeTarget;
			buildConfigurationList = 36ABB0FE29E95A05005930AA /* Build configuration list for PBXNativeTarget "IrregularVerbs" */;
			buildPhases = (
				36ABB0E629E95A00005930AA /* Sources */,
				36ABB0E729E95A00005930AA /* Frameworks */,
				36ABB0E829E95A00005930AA /* Resources */,
			);
			buildRules = (
			);
			dependencies = (
			);
			name = IrregularVerbs;
			productName = IrregularVerbs;
			productReference = 36ABB0EA29E95A00005930AA /* IrregularVerbs.app */;
			productType = "com.apple.product-type.application";
		};
/* End PBXNativeTarget section */

/* Begin PBXProject section */
		36ABB0E229E959FF005930AA /* Project object */ = {
			isa = PBXProject;
			attributes = {
				BuildIndependentTargetsInParallel = 1;
				LastSwiftUpdateCheck = 1420;
				LastUpgradeCheck = 1420;
				TargetAttributes = {
					36ABB0E929E95A00005930AA = {
						CreatedOnToolsVersion = 14.2;
					};
				};
			};
			buildConfigurationList = 36ABB0E529E959FF005930AA /* Build configuration list for PBXProject "IrregularVerbs" */;
			compatibilityVersion = "Xcode 14.0";
			developmentRegion = en;
			hasScannedForEncodings = 0;
			knownRegions = (
				en,
				Base,
				ru,
			);
			mainGroup = 36ABB0E129E959FF005930AA;
			productRefGroup = 36ABB0EB29E95A00005930AA /* Products */;
			projectDirPath = "";
			projectRoot = "";
			targets = (
				36ABB0E929E95A00005930AA /* IrregularVerbs */,
			);
		};
/* End PBXProject section */

/* Begin PBXResourcesBuildPhase section */
		36ABB0E829E95A00005930AA /* Resources */ = {
			isa = PBXResourcesBuildPhase;
			buildActionMask = 2147483647;
			files = (
				36ABB0FA29E95A05005930AA /* LaunchScreen.storyboard in Resources */,
				36ABB10929E95C5D005930AA /* Localizable.strings in Resources */,
				36ABB0F729E95A05005930AA /* Assets.xcassets in Resources */,
				36D367F129E9753F009E666D /* VerbTableViewCell.xib in Resources */,
				36ABB0F529E95A00005930AA /* Main.storyboard in Resources */,
			);
			runOnlyForDeploymentPostprocessing = 0;
		};
/* End PBXResourcesBuildPhase section */

/* Begin PBXSourcesBuildPhase section */
		36ABB0E629E95A00005930AA /* Sources */ = {
			isa = PBXSourcesBuildPhase;
			buildActionMask = 2147483647;
			files = (
				36ABB10229E95AC3005930AA /* Verb.swift in Sources */,
				36ABB10E29E95E6D005930AA /* IrregularVerbs.swift in Sources */,
				36ABB0F229E95A00005930AA /* ViewController.swift in Sources */,
				36ABB0EE29E95A00005930AA /* AppDelegate.swift in Sources */,
				36ABB11229E96965005930AA /* VerbTableViewCell.swift in Sources */,
				36ABB0F029E95A00005930AA /* SceneDelegate.swift in Sources */,
			);
			runOnlyForDeploymentPostprocessing = 0;
		};
/* End PBXSourcesBuildPhase section */

/* Begin PBXVariantGroup section */
		36ABB0F329E95A00005930AA /* Main.storyboard */ = {
			isa = PBXVariantGroup;
			children = (
				36ABB0F429E95A00005930AA /* Base */,
			);
			name = Main.storyboard;
			sourceTree = "<group>";
		};
		36ABB0F829E95A05005930AA /* LaunchScreen.storyboard */ = {
			isa = PBXVariantGroup;
			children = (
				36ABB0F929E95A05005930AA /* Base */,
			);
			name = LaunchScreen.storyboard;
			sourceTree = "<group>";
		};
		36ABB10B29E95C5D005930AA /* Localizable.strings */ = {
			isa = PBXVariantGroup;
			children = (
				36ABB10A29E95C5D005930AA /* en */,
				36ABB10C29E95CB0005930AA /* ru */,
			);
			name = Localizable.strings;
			sourceTree = "<group>";
		};
/* End PBXVariantGroup section */

/* Begin XCBuildConfiguration section */
		36ABB0FC29E95A05005930AA /* Debug */ = {
			isa = XCBuildConfiguration;
			buildSettings = {
				ALWAYS_SEARCH_USER_PATHS = NO;
				CLANG_ANALYZER_LOCALIZABILITY_NONLOCALIZED = YES;
				CLANG_ANALYZER_NONNULL = YES;
				CLANG_ANALYZER_NUMBER_OBJECT_CONVERSION = YES_AGGRESSIVE;
				CLANG_CXX_LANGUAGE_STANDARD = "gnu++20";
				CLANG_ENABLE_MODULES = YES;
				CLANG_ENABLE_OBJC_ARC = YES;
				CLANG_ENABLE_OBJC_WEAK = YES;
				CLANG_WARN_BLOCK_CAPTURE_AUTORELEASING = YES;
				CLANG_WARN_BOOL_CONVERSION = YES;
				CLANG_WARN_COMMA = YES;
				CLANG_WARN_CONSTANT_CONVERSION = YES;
				CLANG_WARN_DEPRECATED_OBJC_IMPLEMENTATIONS = YES;
				CLANG_WARN_DIRECT_OBJC_ISA_USAGE = YES_ERROR;
				CLANG_WARN_DOCUMENTATION_COMMENTS = YES;
				CLANG_WARN_EMPTY_BODY = YES;
				CLANG_WARN_ENUM_CONVERSION = YES;
				CLANG_WARN_INFINITE_RECURSION = YES;
				CLANG_WARN_INT_CONVERSION = YES;
				CLANG_WARN_NON_LITERAL_NULL_CONVERSION = YES;
				CLANG_WARN_OBJC_IMPLICIT_RETAIN_SELF = YES;
				CLANG_WARN_OBJC_LITERAL_CONVERSION = YES;
				CLANG_WARN_OBJC_ROOT_CLASS = YES_ERROR;
				CLANG_WARN_QUOTED_INCLUDE_IN_FRAMEWORK_HEADER = YES;
				CLANG_WARN_RANGE_LOOP_ANALYSIS = YES;
				CLANG_WARN_STRICT_PROTOTYPES = YES;
				CLANG_WARN_SUSPICIOUS_MOVE = YES;
				CLANG_WARN_UNGUARDED_AVAILABILITY = YES_AGGRESSIVE;
				CLANG_WARN_UNREACHABLE_CODE = YES;
				CLANG_WARN__DUPLICATE_METHOD_MATCH = YES;
				COPY_PHASE_STRIP = NO;
				DEBUG_INFORMATION_FORMAT = dwarf;
				ENABLE_STRICT_OBJC_MSGSEND = YES;
				ENABLE_TESTABILITY = YES;
				GCC_C_LANGUAGE_STANDARD = gnu11;
				GCC_DYNAMIC_NO_PIC = NO;
				GCC_NO_COMMON_BLOCKS = YES;
				GCC_OPTIMIZATION_LEVEL = 0;
				GCC_PREPROCESSOR_DEFINITIONS = (
					"DEBUG=1",
					"$(inherited)",
				);
				GCC_WARN_64_TO_32_BIT_CONVERSION = YES;
				GCC_WARN_ABOUT_RETURN_TYPE = YES_ERROR;
				GCC_WARN_UNDECLARED_SELECTOR = YES;
				GCC_WARN_UNINITIALIZED_AUTOS = YES_AGGRESSIVE;
				GCC_WARN_UNUSED_FUNCTION = YES;
				GCC_WARN_UNUSED_VARIABLE = YES;
				IPHONEOS_DEPLOYMENT_TARGET = 16.2;
				MTL_ENABLE_DEBUG_INFO = INCLUDE_SOURCE;
				MTL_FAST_MATH = YES;
				ONLY_ACTIVE_ARCH = YES;
				SDKROOT = iphoneos;
				SWIFT_ACTIVE_COMPILATION_CONDITIONS = DEBUG;
				SWIFT_OPTIMIZATION_LEVEL = "-Onone";
			};
			name = Debug;
		};
		36ABB0FD29E95A05005930AA /* Release */ = {
			isa = XCBuildConfiguration;
			buildSettings = {
				ALWAYS_SEARCH_USER_PATHS = NO;
				CLANG_ANALYZER_LOCALIZABILITY_NONLOCALIZED = YES;
				CLANG_ANALYZER_NONNULL = YES;
				CLANG_ANALYZER_NUMBER_OBJECT_CONVERSION = YES_AGGRESSIVE;
				CLANG_CXX_LANGUAGE_STANDARD = "gnu++20";
				CLANG_ENABLE_MODULES = YES;
				CLANG_ENABLE_OBJC_ARC = YES;
				CLANG_ENABLE_OBJC_WEAK = YES;
				CLANG_WARN_BLOCK_CAPTURE_AUTORELEASING = YES;
				CLANG_WARN_BOOL_CONVERSION = YES;
				CLANG_WARN_COMMA = YES;
				CLANG_WARN_CONSTANT_CONVERSION = YES;
				CLANG_WARN_DEPRECATED_OBJC_IMPLEMENTATIONS = YES;
				CLANG_WARN_DIRECT_OBJC_ISA_USAGE = YES_ERROR;
				CLANG_WARN_DOCUMENTATION_COMMENTS = YES;
				CLANG_WARN_EMPTY_BODY = YES;
				CLANG_WARN_ENUM_CONVERSION = YES;
				CLANG_WARN_INFINITE_RECURSION = YES;
				CLANG_WARN_INT_CONVERSION = YES;
				CLANG_WARN_NON_LITERAL_NULL_CONVERSION = YES;
				CLANG_WARN_OBJC_IMPLICIT_RETAIN_SELF = YES;
				CLANG_WARN_OBJC_LITERAL_CONVERSION = YES;
				CLANG_WARN_OBJC_ROOT_CLASS = YES_ERROR;
				CLANG_WARN_QUOTED_INCLUDE_IN_FRAMEWORK_HEADER = YES;
				CLANG_WARN_RANGE_LOOP_ANALYSIS = YES;
				CLANG_WARN_STRICT_PROTOTYPES = YES;
				CLANG_WARN_SUSPICIOUS_MOVE = YES;
				CLANG_WARN_UNGUARDED_AVAILABILITY = YES_AGGRESSIVE;
				CLANG_WARN_UNREACHABLE_CODE = YES;
				CLANG_WARN__DUPLICATE_METHOD_MATCH = YES;
				COPY_PHASE_STRIP = NO;
				DEBUG_INFORMATION_FORMAT = "dwarf-with-dsym";
				ENABLE_NS_ASSERTIONS = NO;
				ENABLE_STRICT_OBJC_MSGSEND = YES;
				GCC_C_LANGUAGE_STANDARD = gnu11;
				GCC_NO_COMMON_BLOCKS = YES;
				GCC_WARN_64_TO_32_BIT_CONVERSION = YES;
				GCC_WARN_ABOUT_RETURN_TYPE = YES_ERROR;
				GCC_WARN_UNDECLARED_SELECTOR = YES;
				GCC_WARN_UNINITIALIZED_AUTOS = YES_AGGRESSIVE;
				GCC_WARN_UNUSED_FUNCTION = YES;
				GCC_WARN_UNUSED_VARIABLE = YES;
				IPHONEOS_DEPLOYMENT_TARGET = 16.2;
				MTL_ENABLE_DEBUG_INFO = NO;
				MTL_FAST_MATH = YES;
				SDKROOT = iphoneos;
				SWIFT_COMPILATION_MODE = wholemodule;
				SWIFT_OPTIMIZATION_LEVEL = "-O";
				VALIDATE_PRODUCT = YES;
			};
			name = Release;
		};
		36ABB0FF29E95A05005930AA /* Debug */ = {
			isa = XCBuildConfiguration;
			buildSettings = {
				ASSETCATALOG_COMPILER_APPICON_NAME = AppIcon;
				ASSETCATALOG_COMPILER_GLOBAL_ACCENT_COLOR_NAME = AccentColor;
				CODE_SIGN_STYLE = Automatic;
				CURRENT_PROJECT_VERSION = 1;
				GENERATE_INFOPLIST_FILE = YES;
				INFOPLIST_FILE = IrregularVerbs/Info.plist;
				INFOPLIST_KEY_UIApplicationSupportsIndirectInputEvents = YES;
				INFOPLIST_KEY_UILaunchStoryboardName = LaunchScreen;
				INFOPLIST_KEY_UIMainStoryboardFile = Main;
				INFOPLIST_KEY_UISupportedInterfaceOrientations_iPad = "UIInterfaceOrientationPortrait UIInterfaceOrientationPortraitUpsideDown UIInterfaceOrientationLandscapeLeft UIInterfaceOrientationLandscapeRight";
				INFOPLIST_KEY_UISupportedInterfaceOrientations_iPhone = "UIInterfaceOrientationPortrait UIInterfaceOrientationLandscapeLeft UIInterfaceOrientationLandscapeRight";
				LD_RUNPATH_SEARCH_PATHS = (
					"$(inherited)",
					"@executable_path/Frameworks",
				);
				MARKETING_VERSION = 1.0;
				PRODUCT_BUNDLE_IDENTIFIER = azazellooy.IrregularVerbs;
				PRODUCT_NAME = "$(TARGET_NAME)";
				SWIFT_EMIT_LOC_STRINGS = YES;
				SWIFT_VERSION = 5.0;
				TARGETED_DEVICE_FAMILY = "1,2";
			};
			name = Debug;
		};
		36ABB10029E95A05005930AA /* Release */ = {
			isa = XCBuildConfiguration;
			buildSettings = {
				ASSETCATALOG_COMPILER_APPICON_NAME = AppIcon;
				ASSETCATALOG_COMPILER_GLOBAL_ACCENT_COLOR_NAME = AccentColor;
				CODE_SIGN_STYLE = Automatic;
				CURRENT_PROJECT_VERSION = 1;
				GENERATE_INFOPLIST_FILE = YES;
				INFOPLIST_FILE = IrregularVerbs/Info.plist;
				INFOPLIST_KEY_UIApplicationSupportsIndirectInputEvents = YES;
				INFOPLIST_KEY_UILaunchStoryboardName = LaunchScreen;
				INFOPLIST_KEY_UIMainStoryboardFile = Main;
				INFOPLIST_KEY_UISupportedInterfaceOrientations_iPad = "UIInterfaceOrientationPortrait UIInterfaceOrientationPortraitUpsideDown UIInterfaceOrientationLandscapeLeft UIInterfaceOrientationLandscapeRight";
				INFOPLIST_KEY_UISupportedInterfaceOrientations_iPhone = "UIInterfaceOrientationPortrait UIInterfaceOrientationLandscapeLeft UIInterfaceOrientationLandscapeRight";
				LD_RUNPATH_SEARCH_PATHS = (
					"$(inherited)",
					"@executable_path/Frameworks",
				);
				MARKETING_VERSION = 1.0;
				PRODUCT_BUNDLE_IDENTIFIER = azazellooy.IrregularVerbs;
				PRODUCT_NAME = "$(TARGET_NAME)";
				SWIFT_EMIT_LOC_STRINGS = YES;
				SWIFT_VERSION = 5.0;
				TARGETED_DEVICE_FAMILY = "1,2";
			};
			name = Release;
		};
/* End XCBuildConfiguration section */

/* Begin XCConfigurationList section */
		36ABB0E529E959FF005930AA /* Build configuration list for PBXProject "IrregularVerbs" */ = {
			isa = XCConfigurationList;
			buildConfigurations = (
				36ABB0FC29E95A05005930AA /* Debug */,
				36ABB0FD29E95A05005930AA /* Release */,
			);
			defaultConfigurationIsVisible = 0;
			defaultConfigurationName = Release;
		};
		36ABB0FE29E95A05005930AA /* Build configuration list for PBXNativeTarget "IrregularVerbs" */ = {
			isa = XCConfigurationList;
			buildConfigurations = (
				36ABB0FF29E95A05005930AA /* Debug */,
				36ABB10029E95A05005930AA /* Release */,
			);
			defaultConfigurationIsVisible = 0;
			defaultConfigurationName = Release;
		};
/* End XCConfigurationList section */
	};
	rootObject = 36ABB0E229E959FF005930AA /* Project object */;
}
